
Microsoft Visual Studio Solution File, Format Version 12.00
# Visual Studio 15
VisualStudioVersion = 15.0.27004.2006
MinimumVisualStudioVersion = 10.0.40219.1
Project("{FAE04EC0-301F-11D3-BF4B-00C04F79EFBC}") = "Productos", "Productos\Productos.csproj", "{9AC1D5B6-E0F2-434D-9A85-3E41905E64C9}"
EndProject
Global
	GlobalSection(SolutionConfigurationPlatforms) = preSolution
		Debug|Any CPU = Debug|Any CPU
		Release|Any CPU = Release|Any CPU
	EndGlobalSection
	GlobalSection(ProjectConfigurationPlatforms) = postSolution
		{9AC1D5B6-E0F2-434D-9A85-3E41905E64C9}.Debug|Any CPU.ActiveCfg = Debug|Any CPU
		{9AC1D5B6-E0F2-434D-9A85-3E41905E64C9}.Debug|Any CPU.Build.0 = Debug|Any CPU
		{9AC1D5B6-E0F2-434D-9A85-3E41905E64C9}.Release|Any CPU.ActiveCfg = Release|Any CPU
		{9AC1D5B6-E0F2-434D-9A85-3E41905E64C9}.Release|Any CPU.Build.0 = Release|Any CPU
	EndGlobalSection
	GlobalSection(SolutionProperties) = preSolution
		HideSolutionNode = FALSE
	EndGlobalSection
	GlobalSection(ExtensibilityGlobals) = postSolution
		SolutionGuid = {EEC49D23-34FB-4CFD-9E81-C6A2059D1FE6}
	EndGlobalSection
EndGlobal
